
Microsoft Visual Studio Solution File, Format Version 12.00
# Visual Studio 2012
Project("{FAE04EC0-301F-11D3-BF4B-00C04F79EFBC}") = "Coveralls.netstandard", "Coveralls.Lib\Coveralls.netstandard.csproj", "{4175E87A-1DE1-4D1E-9475-13A86823D093}"
EndProject
Project("{FAE04EC0-301F-11D3-BF4B-00C04F79EFBC}") = "coveralls.netcore", "coveralls.net\coveralls.netcore.csproj", "{AFBF3414-89BF-42C3-A1AB-7589DC55252E}"
EndProject
Project("{FAE04EC0-301F-11D3-BF4B-00C04F79EFBC}") = "Coveralls.Tests.netcore", "Coveralls.Tests\Coveralls.Tests.netcore.csproj", "{F90162AA-5A65-4D7A-8867-8F7589B2E091}"
EndProject
Global
	GlobalSection(SolutionConfigurationPlatforms) = preSolution
		Debug|Any CPU = Debug|Any CPU
		Release|Any CPU = Release|Any CPU
	EndGlobalSection
	GlobalSection(ProjectConfigurationPlatforms) = postSolution
		{4175E87A-1DE1-4D1E-9475-13A86823D093}.Debug|Any CPU.ActiveCfg = Debug|Any CPU
		{4175E87A-1DE1-4D1E-9475-13A86823D093}.Debug|Any CPU.Build.0 = Debug|Any CPU
		{4175E87A-1DE1-4D1E-9475-13A86823D093}.Release|Any CPU.ActiveCfg = Release|Any CPU
		{4175E87A-1DE1-4D1E-9475-13A86823D093}.Release|Any CPU.Build.0 = Release|Any CPU
		{AFBF3414-89BF-42C3-A1AB-7589DC55252E}.Debug|Any CPU.ActiveCfg = Debug|Any CPU
		{AFBF3414-89BF-42C3-A1AB-7589DC55252E}.Debug|Any CPU.Build.0 = Debug|Any CPU
		{AFBF3414-89BF-42C3-A1AB-7589DC55252E}.Release|Any CPU.ActiveCfg = Release|Any CPU
		{AFBF3414-89BF-42C3-A1AB-7589DC55252E}.Release|Any CPU.Build.0 = Release|Any CPU
		{F90162AA-5A65-4D7A-8867-8F7589B2E091}.Debug|Any CPU.ActiveCfg = Debug|Any CPU
		{F90162AA-5A65-4D7A-8867-8F7589B2E091}.Debug|Any CPU.Build.0 = Debug|Any CPU
		{F90162AA-5A65-4D7A-8867-8F7589B2E091}.Release|Any CPU.ActiveCfg = Release|Any CPU
		{F90162AA-5A65-4D7A-8867-8F7589B2E091}.Release|Any CPU.Build.0 = Release|Any CPU
	EndGlobalSection
EndGlobal
